
Microsoft Visual Studio Solution File, Format Version 12.00
# Visual Studio 15
VisualStudioVersion = 15.0.26124.0
MinimumVisualStudioVersion = 15.0.26124.0
Project("{F2A71F9B-5D33-465A-A702-920D77279786}") = "CodersStrikeBack.Bot", "CodersStrikeBack.Bot\CodersStrikeBack.Bot.fsproj", "{4DA306B0-9B09-4274-BC2D-A7393404B07B}"
EndProject
Project("{F2A71F9B-5D33-465A-A702-920D77279786}") = "CodersStrikeBack.Tests", "CodersStrikeBack.Tests\CodersStrikeBack.Tests.fsproj", "{5116B2AC-EDCF-4447-A5BA-F9D2B6EE2D47}"
EndProject
Global
	GlobalSection(SolutionConfigurationPlatforms) = preSolution
		Debug|Any CPU = Debug|Any CPU
		Debug|x64 = Debug|x64
		Debug|x86 = Debug|x86
		Release|Any CPU = Release|Any CPU
		Release|x64 = Release|x64
		Release|x86 = Release|x86
	EndGlobalSection
	GlobalSection(SolutionProperties) = preSolution
		HideSolutionNode = FALSE
	EndGlobalSection
	GlobalSection(ProjectConfigurationPlatforms) = postSolution
		{4DA306B0-9B09-4274-BC2D-A7393404B07B}.Debug|Any CPU.ActiveCfg = Debug|Any CPU
		{4DA306B0-9B09-4274-BC2D-A7393404B07B}.Debug|Any CPU.Build.0 = Debug|Any CPU
		{4DA306B0-9B09-4274-BC2D-A7393404B07B}.Debug|x64.ActiveCfg = Debug|Any CPU
		{4DA306B0-9B09-4274-BC2D-A7393404B07B}.Debug|x64.Build.0 = Debug|Any CPU
		{4DA306B0-9B09-4274-BC2D-A7393404B07B}.Debug|x86.ActiveCfg = Debug|Any CPU
		{4DA306B0-9B09-4274-BC2D-A7393404B07B}.Debug|x86.Build.0 = Debug|Any CPU
		{4DA306B0-9B09-4274-BC2D-A7393404B07B}.Release|Any CPU.ActiveCfg = Release|Any CPU
		{4DA306B0-9B09-4274-BC2D-A7393404B07B}.Release|Any CPU.Build.0 = Release|Any CPU
		{4DA306B0-9B09-4274-BC2D-A7393404B07B}.Release|x64.ActiveCfg = Release|Any CPU
		{4DA306B0-9B09-4274-BC2D-A7393404B07B}.Release|x64.Build.0 = Release|Any CPU
		{4DA306B0-9B09-4274-BC2D-A7393404B07B}.Release|x86.ActiveCfg = Release|Any CPU
		{4DA306B0-9B09-4274-BC2D-A7393404B07B}.Release|x86.Build.0 = Release|Any CPU
		{5116B2AC-EDCF-4447-A5BA-F9D2B6EE2D47}.Debug|Any CPU.ActiveCfg = Debug|Any CPU
		{5116B2AC-EDCF-4447-A5BA-F9D2B6EE2D47}.Debug|Any CPU.Build.0 = Debug|Any CPU
		{5116B2AC-EDCF-4447-A5BA-F9D2B6EE2D47}.Debug|x64.ActiveCfg = Debug|Any CPU
		{5116B2AC-EDCF-4447-A5BA-F9D2B6EE2D47}.Debug|x64.Build.0 = Debug|Any CPU
		{5116B2AC-EDCF-4447-A5BA-F9D2B6EE2D47}.Debug|x86.ActiveCfg = Debug|Any CPU
		{5116B2AC-EDCF-4447-A5BA-F9D2B6EE2D47}.Debug|x86.Build.0 = Debug|Any CPU
		{5116B2AC-EDCF-4447-A5BA-F9D2B6EE2D47}.Release|Any CPU.ActiveCfg = Release|Any CPU
		{5116B2AC-EDCF-4447-A5BA-F9D2B6EE2D47}.Release|Any CPU.Build.0 = Release|Any CPU
		{5116B2AC-EDCF-4447-A5BA-F9D2B6EE2D47}.Release|x64.ActiveCfg = Release|Any CPU
		{5116B2AC-EDCF-4447-A5BA-F9D2B6EE2D47}.Release|x64.Build.0 = Release|Any CPU
		{5116B2AC-EDCF-4447-A5BA-F9D2B6EE2D47}.Release|x86.ActiveCfg = Release|Any CPU
		{5116B2AC-EDCF-4447-A5BA-F9D2B6EE2D47}.Release|x86.Build.0 = Release|Any CPU
	EndGlobalSection
EndGlobal
